
Microsoft Visual Studio Solution File, Format Version 12.00
# Visual Studio Version 16
VisualStudioVersion = 16.0.30517.126
MinimumVisualStudioVersion = 10.0.40219.1
Project("{FAE04EC0-301F-11D3-BF4B-00C04F79EFBC}") = "ConsoleApp1", "ConsoleApp1\ConsoleApp1.csproj", "{131208B0-F20F-48E6-A346-B3AEC19DE412}"
EndProject
Project("{FAE04EC0-301F-11D3-BF4B-00C04F79EFBC}") = "ClassLibrary1", "ClassLibrary1\ClassLibrary1.csproj", "{034630A2-E418-4F6E-B735-5E59E9141A15}"
EndProject
Project("{FAE04EC0-301F-11D3-BF4B-00C04F79EFBC}") = "NUnitTestProject1", "NUnitTestProject1\NUnitTestProject1.csproj", "{948A2861-C4CD-4574-A93D-5C4F4262F7BD}"
EndProject
Global
	GlobalSection(SolutionConfigurationPlatforms) = preSolution
		Debug|Any CPU = Debug|Any CPU
		Release|Any CPU = Release|Any CPU
	EndGlobalSection
	GlobalSection(ProjectConfigurationPlatforms) = postSolution
		{131208B0-F20F-48E6-A346-B3AEC19DE412}.Debug|Any CPU.ActiveCfg = Debug|Any CPU
		{131208B0-F20F-48E6-A346-B3AEC19DE412}.Debug|Any CPU.Build.0 = Debug|Any CPU
		{131208B0-F20F-48E6-A346-B3AEC19DE412}.Release|Any CPU.ActiveCfg = Release|Any CPU
		{131208B0-F20F-48E6-A346-B3AEC19DE412}.Release|Any CPU.Build.0 = Release|Any CPU
		{034630A2-E418-4F6E-B735-5E59E9141A15}.Debug|Any CPU.ActiveCfg = Debug|Any CPU
		{034630A2-E418-4F6E-B735-5E59E9141A15}.Debug|Any CPU.Build.0 = Debug|Any CPU
		{034630A2-E418-4F6E-B735-5E59E9141A15}.Release|Any CPU.ActiveCfg = Release|Any CPU
		{034630A2-E418-4F6E-B735-5E59E9141A15}.Release|Any CPU.Build.0 = Release|Any CPU
		{948A2861-C4CD-4574-A93D-5C4F4262F7BD}.Debug|Any CPU.ActiveCfg = Debug|Any CPU
		{948A2861-C4CD-4574-A93D-5C4F4262F7BD}.Debug|Any CPU.Build.0 = Debug|Any CPU
		{948A2861-C4CD-4574-A93D-5C4F4262F7BD}.Release|Any CPU.ActiveCfg = Release|Any CPU
		{948A2861-C4CD-4574-A93D-5C4F4262F7BD}.Release|Any CPU.Build.0 = Release|Any CPU
	EndGlobalSection
	GlobalSection(SolutionProperties) = preSolution
		HideSolutionNode = FALSE
	EndGlobalSection
	GlobalSection(ExtensibilityGlobals) = postSolution
		SolutionGuid = {36FF2DE4-7983-46DC-8B1D-BDB08E74E158}
	EndGlobalSection
EndGlobal
